Microsoft Visual Studio Solution File, Format Version 11.00
# Visual Studio 2008

Project("{4CB60429-5E83-AFF4-2357-A3AE4C485870}") = "3dBulletHell", "Assembly-CSharp-vs.csproj", "{F370FC6D-D955-5A53-86C8-6522A37CBF17}"
EndProject
Global
	GlobalSection(SolutionConfigurationPlatforms) = preSolution
		Debug|Any CPU = Debug|Any CPU
		Release|Any CPU = Release|Any CPU
	EndGlobalSection
	GlobalSection(ProjectConfigurationPlatforms) = postSolution
		{F370FC6D-D955-5A53-86C8-6522A37CBF17}.Debug|Any CPU.ActiveCfg = Debug|Any CPU
		{F370FC6D-D955-5A53-86C8-6522A37CBF17}.Debug|Any CPU.Build.0 = Debug|Any CPU
		{F370FC6D-D955-5A53-86C8-6522A37CBF17}.Release|Any CPU.ActiveCfg = Release|Any CPU
		{F370FC6D-D955-5A53-86C8-6522A37CBF17}.Release|Any CPU.Build.0 = Release|Any CPU
	EndGlobalSection
	GlobalSection(SolutionProperties) = preSolution
		HideSolutionNode = FALSE
	EndGlobalSection
					GlobalSection(MonoDevelopProperties) = preSolution
		StartupItem = Assembly-CSharp.csproj
		Policies = $0
		$0.TextStylePolicy = $1
		$1.inheritsSet = null
		$1.scope = text/x-csharp
		$0.CSharpFormattingPolicy = $2
		$2.inheritsSet = Mono
		$2.inheritsScope = text/x-csharp
		$2.scope = text/x-csharp
		$0.TextStylePolicy = $3
		$3.FileWidth = 120
		$3.TabWidth = 4
		$3.EolMarker = Unix
		$3.inheritsSet = Mono
		$3.inheritsScope = text/plain
		$3.scope = text/plain
	EndGlobalSection

EndGlobal
